// !$*UTF8*$!
{
	archiveVersion = 1;
	classes = {
	};
	objectVersion = 50;
	objects = {

/* Begin PBXBuildFile section */
		1079E04D21F9EF1E00E22A69 /* AppDelegate.swift in Sources */ = {isa = PBXBuildFile; fileRef = 1079E04C21F9EF1E00E22A69 /* AppDelegate.swift */; };
		1079E04F21F9EF1E00E22A69 /* ViewController.swift in Sources */ = {isa = PBXBuildFile; fileRef = 1079E04E21F9EF1E00E22A69 /* ViewController.swift */; };
		1079E05221F9EF1E00E22A69 /* Main.storyboard in Resources */ = {isa = PBXBuildFile; fileRef = 1079E05021F9EF1E00E22A69 /* Main.storyboard */; };
		1079E05421F9EF2C00E22A69 /* Assets.xcassets in Resources */ = {isa = PBXBuildFile; fileRef = 1079E05321F9EF2C00E22A69 /* Assets.xcassets */; };
		1079E05721F9EF2C00E22A69 /* LaunchScreen.storyboard in Resources */ = {isa = PBXBuildFile; fileRef = 1079E05521F9EF2C00E22A69 /* LaunchScreen.storyboard */; };
		1079E06021F9F40900E22A69 /* Alamofire.framework in Frameworks */ = {isa = PBXBuildFile; fileRef = 1079E05F21F9F40900E22A69 /* Alamofire.framework */; };
		1079E06321F9F4F100E22A69 /* Alamofire.framework in CopyFiles */ = {isa = PBXBuildFile; fileRef = 1079E05F21F9F40900E22A69 /* Alamofire.framework */; settings = {ATTRIBUTES = (CodeSignOnCopy, RemoveHeadersOnCopy, ); }; };
/* End PBXBuildFile section */

/* Begin PBXCopyFilesBuildPhase section */
		1079E06221F9F4DD00E22A69 /* CopyFiles */ = {
			isa = PBXCopyFilesBuildPhase;
			buildActionMask = 2147483647;
			dstPath = "";
			dstSubfolderSpec = 10;
			files = (
				1079E06321F9F4F100E22A69 /* Alamofire.framework in CopyFiles */,
			);
			runOnlyForDeploymentPostprocessing = 0;
		};
/* End PBXCopyFilesBuildPhase section */

/* Begin PBXFileReference section */
		1079E04921F9EF1E00E22A69 /* SampleAppUsingCarthage.app */ = {isa = PBXFileReference; explicitFileType = wrapper.application; includeInIndex = 0; path = SampleAppUsingCarthage.app; sourceTree = BUILT_PRODUCTS_DIR; };
		1079E04C21F9EF1E00E22A69 /* AppDelegate.swift */ = {isa = PBXFileReference; lastKnownFileType = sourcecode.swift; path = AppDelegate.swift; sourceTree = "<group>"; };
		1079E04E21F9EF1E00E22A69 /* ViewController.swift */ = {isa = PBXFileReference; lastKnownFileType = sourcecode.swift; path = ViewController.swift; sourceTree = "<group>"; };
		1079E05121F9EF1E00E22A69 /* Base */ = {isa = PBXFileReference; lastKnownFileType = file.storyboard; name = Base; path = Base.lproj/Main.storyboard; sourceTree = "<group>"; };
		1079E05321F9EF2C00E22A69 /* Assets.xcassets */ = {isa = PBXFileReference; lastKnownFileType = folder.assetcatalog; path = Assets.xcassets; sourceTree = "<group>"; };
		1079E05621F9EF2C00E22A69 /* Base */ = {isa = PBXFileReference; lastKnownFileType = file.storyboard; name = Base; path = Base.lproj/LaunchScreen.storyboard; sourceTree = "<group>"; };
		1079E05821F9EF2C00E22A69 /* Info.plist */ = {isa = PBXFileReference; lastKnownFileType = text.plist.xml; path = Info.plist; sourceTree = "<group>"; };
		1079E05F21F9F40900E22A69 /* Alamofire.framework */ = {isa = PBXFileReference; lastKnownFileType = wrapper.framework; name = Alamofire.framework; path = Carthage/Build/iOS/Alamofire.framework; sourceTree = "<group>"; };
/* End PBXFileReference section */

/* Begin PBXFrameworksBuildPhase section */
		1079E04621F9EF1E00E22A69 /* Frameworks */ = {
			isa = PBXFrameworksBuildPhase;
			buildActionMask = 2147483647;
			files = (
				1079E06021F9F40900E22A69 /* Alamofire.framework in Frameworks */,
			);
			runOnlyForDeploymentPostprocessing = 0;
		};
/* End PBXFrameworksBuildPhase section */

/* Begin PBXGroup section */
		1079E04021F9EF1E00E22A69 = {
			isa = PBXGroup;
			children = (
				1079E04B21F9EF1E00E22A69 /* SampleAppUsingCarthage */,
				1079E04A21F9EF1E00E22A69 /* Products */,
				1079E05E21F9F40900E22A69 /* Frameworks */,
			);
			sourceTree = "<group>";
		};
		1079E04A21F9EF1E00E22A69 /* Products */ = {
			isa = PBXGroup;
			children = (
				1079E04921F9EF1E00E22A69 /* SampleAppUsingCarthage.app */,
			);
			name = Products;
			sourceTree = "<group>";
		};
		1079E04B21F9EF1E00E22A69 /* SampleAppUsingCarthage */ = {
			isa = PBXGroup;
			children = (
				1079E04C21F9EF1E00E22A69 /* AppDelegate.swift */,
				1079E04E21F9EF1E00E22A69 /* ViewController.swift */,
				1079E05021F9EF1E00E22A69 /* Main.storyboard */,
				1079E05321F9EF2C00E22A69 /* Assets.xcassets */,
				1079E05521F9EF2C00E22A69 /* LaunchScreen.storyboard */,
				1079E05821F9EF2C00E22A69 /* Info.plist */,
			);
			path = SampleAppUsingCarthage;
			sourceTree = "<group>";
		};
		1079E05E21F9F40900E22A69 /* Frameworks */ = {
			isa = PBXGroup;
			children = (
				1079E05F21F9F40900E22A69 /* Alamofire.framework */,
			);
			name = Frameworks;
			sourceTree = "<group>";
		};
/* End PBXGroup section */

/* Begin PBXNativeTarget section */
		1079E04821F9EF1E00E22A69 /* SampleAppUsingCarthage */ = {
			isa = PBXNativeTarget;
			buildConfigurationList = 1079E05B21F9EF2C00E22A69 /* Build configuration list for PBXNativeTarget "SampleAppUsingCarthage" */;
			buildPhases = (
				1079E04521F9EF1E00E22A69 /* Sources */,
				1079E04621F9EF1E00E22A69 /* Frameworks */,
				1079E04721F9EF1E00E22A69 /* Resources */,
				1079E06221F9F4DD00E22A69 /* CopyFiles */,
			);
			buildRules = (
			);
			dependencies = (
			);
			name = SampleAppUsingCarthage;
			productName = SampleAppUsingCarthage;
			productReference = 1079E04921F9EF1E00E22A69 /* SampleAppUsingCarthage.app */;
			productType = "com.apple.product-type.application";
		};
/* End PBXNativeTarget section */

/* Begin PBXProject section */
		1079E04121F9EF1E00E22A69 /* Project object */ = {
			isa = PBXProject;
			attributes = {
				LastSwiftUpdateCheck = 1010;
				LastUpgradeCheck = 1010;
				ORGANIZATIONNAME = Sunil;
				TargetAttributes = {
					1079E04821F9EF1E00E22A69 = {
						CreatedOnToolsVersion = 10.1;
					};
				};
			};
			buildConfigurationList = 1079E04421F9EF1E00E22A69 /* Build configuration list for PBXProject "SampleAppUsingCarthage" */;
			compatibilityVersion = "Xcode 9.3";
			developmentRegion = en;
			hasScannedForEncodings = 0;
			knownRegions = (
				en,
				Base,
			);
			mainGroup = 1079E04021F9EF1E00E22A69;
			productRefGroup = 1079E04A21F9EF1E00E22A69 /* Products */;
			projectDirPath = "";
			projectRoot = "";
			targets = (
				1079E04821F9EF1E00E22A69 /* SampleAppUsingCarthage */,
			);
		};
/* End PBXProject section */

/* Begin PBXResourcesBuildPhase section */
		1079E04721F9EF1E00E22A69 /* Resources */ = {
			isa = PBXResourcesBuildPhase;
			buildActionMask = 2147483647;
			files = (
				1079E05721F9EF2C00E22A69 /* LaunchScreen.storyboard in Resources */,
				1079E05421F9EF2C00E22A69 /* Assets.xcassets in Resources */,
				1079E05221F9EF1E00E22A69 /* Main.storyboard in Resources */,
			);
			runOnlyForDeploymentPostprocessing = 0;
		};
/* End PBXResourcesBuildPhase section */

/* Begin PBXSourcesBuildPhase section */
		1079E04521F9EF1E00E22A69 /* Sources */ = {
			isa = PBXSourcesBuildPhase;
			buildActionMask = 2147483647;
			files = (
				1079E04F21F9EF1E00E22A69 /* ViewController.swift in Sources */,
				1079E04D21F9EF1E00E22A69 /* AppDelegate.swift in Sources */,
			);
			runOnlyForDeploymentPostprocessing = 0;
		};
/* End PBXSourcesBuildPhase section */

/* Begin PBXVariantGroup section */
		1079E05021F9EF1E00E22A69 /* Main.storyboard */ = {
			isa = PBXVariantGroup;
			children = (
				1079E05121F9EF1E00E22A69 /* Base */,
			);
			name = Main.storyboard;
			sourceTree = "<group>";
		};
		1079E05521F9EF2C00E22A69 /* LaunchScreen.storyboard */ = {
			isa = PBXVariantGroup;
			children = (
				1079E05621F9EF2C00E22A69 /* Base */,
			);
			name = LaunchScreen.storyboard;
			sourceTree = "<group>";
		};
/* End PBXVariantGroup section */

/* Begin XCBuildConfiguration section */
		1079E05921F9EF2C00E22A69 /* Debug */ = {
			isa = XCBuildConfiguration;
			buildSettings = {
				ALWAYS_SEARCH_USER_PATHS = NO;
				CLANG_ANALYZER_NONNULL = YES;
				CLANG_ANALYZER_NUMBER_OBJECT_CONVERSION = YES_AGGRESSIVE;
				CLANG_CXX_LANGUAGE_STANDARD = "gnu++14";
				CLANG_CXX_LIBRARY = "libc++";
				CLANG_ENABLE_MODULES = YES;
				CLANG_ENABLE_OBJC_ARC = YES;
				CLANG_ENABLE_OBJC_WEAK = YES;
				CLANG_WARN_BLOCK_CAPTURE_AUTORELEASING = YES;
				CLANG_WARN_BOOL_CONVERSION = YES;
				CLANG_WARN_COMMA = YES;
				CLANG_WARN_CONSTANT_CONVERSION = YES;
				CLANG_WARN_DEPRECATED_OBJC_IMPLEMENTATIONS = YES;
				CLANG_WARN_DIRECT_OBJC_ISA_USAGE = YES_ERROR;
				CLANG_WARN_DOCUMENTATION_COMMENTS = YES;
				CLANG_WARN_EMPTY_BODY = YES;
				CLANG_WARN_ENUM_CONVERSION = YES;
				CLANG_WARN_INFINITE_RECURSION = YES;
				CLANG_WARN_INT_CONVERSION = YES;
				CLANG_WARN_NON_LITERAL_NULL_CONVERSION = YES;
				CLANG_WARN_OBJC_IMPLICIT_RETAIN_SELF = YES;
				CLANG_WARN_OBJC_LITERAL_CONVERSION = YES;
				CLANG_WARN_OBJC_ROOT_CLASS = YES_ERROR;
				CLANG_WARN_RANGE_LOOP_ANALYSIS = YES;
				CLANG_WARN_STRICT_PROTOTYPES = YES;
				CLANG_WARN_SUSPICIOUS_MOVE = YES;
				CLANG_WARN_UNGUARDED_AVAILABILITY = YES_AGGRESSIVE;
				CLANG_WARN_UNREACHABLE_CODE = YES;
				CLANG_WARN__DUPLICATE_METHOD_MATCH = YES;
				CODE_SIGN_IDENTITY = "iPhone Developer";
				COPY_PHASE_STRIP = NO;
				DEBUG_INFORMATION_FORMAT = dwarf;
				ENABLE_STRICT_OBJC_MSGSEND = YES;
				ENABLE_TESTABILITY = YES;
				GCC_C_LANGUAGE_STANDARD = gnu11;
				GCC_DYNAMIC_NO_PIC = NO;
				GCC_NO_COMMON_BLOCKS = YES;
				GCC_OPTIMIZATION_LEVEL = 0;
				GCC_PREPROCESSOR_DEFINITIONS = (
					"DEBUG=1",
					"$(inherited)",
				);
				GCC_WARN_64_TO_32_BIT_CONVERSION = YES;
				GCC_WARN_ABOUT_RETURN_TYPE = YES_ERROR;
				GCC_WARN_UNDECLARED_SELECTOR = YES;
				GCC_WARN_UNINITIALIZED_AUTOS = YES_AGGRESSIVE;
				GCC_WARN_UNUSED_FUNCTION = YES;
				GCC_WARN_UNUSED_VARIABLE = YES;
				IPHONEOS_DEPLOYMENT_TARGET = 12.1;
				MTL_ENABLE_DEBUG_INFO = INCLUDE_SOURCE;
				MTL_FAST_MATH = YES;
				ONLY_ACTIVE_ARCH = YES;
				SDKROOT = iphoneos;
				SWIFT_ACTIVE_COMPILATION_CONDITIONS = DEBUG;
				SWIFT_OPTIMIZATION_LEVEL = "-Onone";
			};
			name = Debug;
		};
		1079E05A21F9EF2C00E22A69 /* Release */ = {
			isa = XCBuildConfiguration;
			buildSettings = {
				ALWAYS_SEARCH_USER_PATHS = NO;
				CLANG_ANALYZER_NONNULL = YES;
				CLANG_ANALYZER_NUMBER_OBJECT_CONVERSION = YES_AGGRESSIVE;
				CLANG_CXX_LANGUAGE_STANDARD = "gnu++14";
				CLANG_CXX_LIBRARY = "libc++";
				CLANG_ENABLE_MODULES = YES;
				CLANG_ENABLE_OBJC_ARC = YES;
				CLANG_ENABLE_OBJC_WEAK = YES;
				CLANG_WARN_BLOCK_CAPTURE_AUTORELEASING = YES;
				CLANG_WARN_BOOL_CONVERSION = YES;
				CLANG_WARN_COMMA = YES;
				CLANG_WARN_CONSTANT_CONVERSION = YES;
				CLANG_WARN_DEPRECATED_OBJC_IMPLEMENTATIONS = YES;
				CLANG_WARN_DIRECT_OBJC_ISA_USAGE = YES_ERROR;
				CLANG_WARN_DOCUMENTATION_COMMENTS = YES;
				CLANG_WARN_EMPTY_BODY = YES;
				CLANG_WARN_ENUM_CONVERSION = YES;
				CLANG_WARN_INFINITE_RECURSION = YES;
				CLANG_WARN_INT_CONVERSION = YES;
				CLANG_WARN_NON_LITERAL_NULL_CONVERSION = YES;
				CLANG_WARN_OBJC_IMPLICIT_RETAIN_SELF = YES;
				CLANG_WARN_OBJC_LITERAL_CONVERSION = YES;
				CLANG_WARN_OBJC_ROOT_CLASS = YES_ERROR;
				CLANG_WARN_RANGE_LOOP_ANALYSIS = YES;
				CLANG_WARN_STRICT_PROTOTYPES = YES;
				CLANG_WARN_SUSPICIOUS_MOVE = YES;
				CLANG_WARN_UNGUARDED_AVAILABILITY = YES_AGGRESSIVE;
				CLANG_WARN_UNREACHABLE_CODE = YES;
				CLANG_WARN__DUPLICATE_METHOD_MATCH = YES;
				CODE_SIGN_IDENTITY = "iPhone Developer";
				COPY_PHASE_STRIP = NO;
				DEBUG_INFORMATION_FORMAT = "dwarf-with-dsym";
				ENABLE_NS_ASSERTIONS = NO;
				ENABLE_STRICT_OBJC_MSGSEND = YES;
				GCC_C_LANGUAGE_STANDARD = gnu11;
				GCC_NO_COMMON_BLOCKS = YES;
				GCC_WARN_64_TO_32_BIT_CONVERSION = YES;
				GCC_WARN_ABOUT_RETURN_TYPE = YES_ERROR;
				GCC_WARN_UNDECLARED_SELECTOR = YES;
				GCC_WARN_UNINITIALIZED_AUTOS = YES_AGGRESSIVE;
				GCC_WARN_UNUSED_FUNCTION = YES;
				GCC_WARN_UNUSED_VARIABLE = YES;
				IPHONEOS_DEPLOYMENT_TARGET = 12.1;
				MTL_ENABLE_DEBUG_INFO = NO;
				MTL_FAST_MATH = YES;
				SDKROOT = iphoneos;
				SWIFT_COMPILATION_MODE = wholemodule;
				SWIFT_OPTIMIZATION_LEVEL = "-O";
				VALIDATE_PRODUCT = YES;
			};
			name = Release;
		};
		1079E05C21F9EF2C00E22A69 /* Debug */ = {
			isa = XCBuildConfiguration;
			buildSettings = {
				ASSETCATALOG_COMPILER_APPICON_NAME = AppIcon;
				CODE_SIGN_STYLE = Manual;
				DEVELOPMENT_TEAM = "";
				FRAMEWORK_SEARCH_PATHS = (
					"$(inherited)",
					"$(PROJECT_DIR)/Carthage/Build/iOS",
				);
				INFOPLIST_FILE = SampleAppUsingCarthage/Info.plist;
				LD_RUNPATH_SEARCH_PATHS = (
					"$(inherited)",
					"@executable_path/Frameworks",
				);
				PRODUCT_BUNDLE_IDENTIFIER = com.SSKR.SampleAppUsingCarthage;
				PRODUCT_NAME = "$(TARGET_NAME)";
				PROVISIONING_PROFILE_SPECIFIER = "";
				SWIFT_VERSION = 4.2;
				TARGETED_DEVICE_FAMILY = "1,2";
			};
			name = Debug;
		};
		1079E05D21F9EF2C00E22A69 /* Release */ = {
			isa = XCBuildConfiguration;
			buildSettings = {
				ASSETCATALOG_COMPILER_APPICON_NAME = AppIcon;
				CODE_SIGN_STYLE = Manual;
				DEVELOPMENT_TEAM = "";
				FRAMEWORK_SEARCH_PATHS = (
					"$(inherited)",
					"$(PROJECT_DIR)/Carthage/Build/iOS",
				);
				INFOPLIST_FILE = SampleAppUsingCarthage/Info.plist;
				LD_RUNPATH_SEARCH_PATHS = (
					"$(inherited)",
					"@executable_path/Frameworks",
				);
				PRODUCT_BUNDLE_IDENTIFIER = com.SSKR.SampleAppUsingCarthage;
				PRODUCT_NAME = "$(TARGET_NAME)";
				PROVISIONING_PROFILE_SPECIFIER = "";
				SWIFT_VERSION = 4.2;
				TARGETED_DEVICE_FAMILY = "1,2";
			};
			name = Release;
		};
/* End XCBuildConfiguration section */

/* Begin XCConfigurationList section */
		1079E04421F9EF1E00E22A69 /* Build configuration list for PBXProject "SampleAppUsingCarthage" */ = {
			isa = XCConfigurationList;
			buildConfigurations = (
				1079E05921F9EF2C00E22A69 /* Debug */,
				1079E05A21F9EF2C00E22A69 /* Release */,
			);
			defaultConfigurationIsVisible = 0;
			defaultConfigurationName = Release;
		};
		1079E05B21F9EF2C00E22A69 /* Build configuration list for PBXNativeTarget "SampleAppUsingCarthage" */ = {
			isa = XCConfigurationList;
			buildConfigurations = (
				1079E05C21F9EF2C00E22A69 /* Debug */,
				1079E05D21F9EF2C00E22A69 /* Release */,
			);
			defaultConfigurationIsVisible = 0;
			defaultConfigurationName = Release;
		};
/* End XCConfigurationList section */
	};
	rootObject = 1079E04121F9EF1E00E22A69 /* Project object */;
}
